<?xml version="1.0" encoding="utf-8"?>
<Project ToolsVersion="4.0" xmlns="http://schemas.microsoft.com/developer/msbuild/2003">
  <ItemGroup>
    <ClCompile Include="..\arsc_api.c">
      <Filter>Source Files</Filter>
    </ClCompile>
    <ClCompile Include="..\arsc_asio\arsc_asio.c">
      <Filter>Source Files</Filter>
    </ClCompile>
    <ClCompile Include="..\arsc_asio\arsc_asio_wrappers.cpp">
      <Filter>Source Files</Filter>
    </ClCompile>
    <ClCompile Include="..\arsc_helper.c">
      <Filter>Source Files</Filter>
    </ClCompile>
    <ClCompile Include="..\arsc_win.c">
      <Filter>Source Files</Filter>
    </ClCompile>
    <ClCompile Include="..\arsc_xfer.c">
      <Filter>Source Files</Filter>
    </ClCompile>
    <ClCompile Include="..\arsc_asio\asio.cpp">
      <Filter>Source Files</Filter>
    </ClCompile>
    <ClCompile Include="..\arsc_asio\asiodrivers.cpp">
      <Filter>Source Files</Filter>
    </ClCompile>
    <ClCompile Include="..\arsc_asio\asiolist.cpp">
      <Filter>Source Files</Filter>
    </ClCompile>
    <ClCompile Include="..\sio_arsc.c">
      <Filter>Source Files</Filter>
    </ClCompile>
  </ItemGroup>
  <ItemGroup>
    <ClInclude Include="..\arsc_asio\arsc_asio.h">
      <Filter>Header Files</Filter>
    </ClInclude>
    <ClInclude Include="..\arsc_asio\arsc_asio_wrappers.h">
      <Filter>Header Files</Filter>
    </ClInclude>
    <ClInclude Include="..\arsc_common.h">
      <Filter>Header Files</Filter>
    </ClInclude>
    <ClInclude Include="..\arscdev.h">
      <Filter>Header Files</Filter>
    </ClInclude>
    <ClInclude Include="..\arsc_asio\asio.h">
      <Filter>Header Files</Filter>
    </ClInclude>
    <ClInclude Include="..\arsc_asio\asiodrivers.h">
      <Filter>Header Files</Filter>
    </ClInclude>
    <ClInclude Include="..\arsc_asio\asiolist.h">
      <Filter>Header Files</Filter>
    </ClInclude>
    <ClInclude Include="..\arsc_asio\asiosys.h">
      <Filter>Header Files</Filter>
    </ClInclude>
    <ClInclude Include="..\cardinfo.h">
      <Filter>Header Files</Filter>
    </ClInclude>
    <ClInclude Include="..\arsc_asio\ginclude.h">
      <Filter>Header Files</Filter>
    </ClInclude>
    <ClInclude Include="..\arsc_asio\iasiodrv.h">
      <Filter>Header Files</Filter>
    </ClInclude>
    <ClInclude Include="..\version.h">
      <Filter>Header Files</Filter>
    </ClInclude>
  </ItemGroup>
  <ItemGroup>
    <Filter Include="Source Files">
      <UniqueIdentifier>{ae8d89fe-cb65-4db9-b6ab-1208a4d0eaa4}</UniqueIdentifier>
    </Filter>
    <Filter Include="Header Files">
      <UniqueIdentifier>{60479fd2-72f6-4578-817e-4bc2ac515e62}</UniqueIdentifier>
    </Filter>
  </ItemGroup>
</Project>