
Microsoft Visual Studio Solution File, Format Version 12.00
# Visual Studio Version 16
VisualStudioVersion = 16.0.29324.140
MinimumVisualStudioVersion = 10.0.40219.1
Project("{8BC9CEB8-8B4A-11D0-8D11-00A0C91BC942}") = "arsc_dll", "arsc_dll.vcxproj", "{613E075D-4A14-4C79-819C-4A8F5B90A5C1}"
EndProject
Project("{8BC9CEB8-8B4A-11D0-8D11-00A0C91BC942}") = "arsc_lib", "arsc_lib.vcxproj", "{F5D1A442-9570-4565-A61D-412D3D947F78}"
EndProject
Project("{8BC9CEB8-8B4A-11D0-8D11-00A0C91BC942}") = "siodll", "siodll.vcxproj", "{E6500B64-F4A7-4986-B8E2-6C850506870D}"
EndProject
Project("{8BC9CEB8-8B4A-11D0-8D11-00A0C91BC942}") = "tstlat", "tstlat.vcxproj", "{B16BE483-1881-4B26-8EE5-E7B6DFAD575C}"
EndProject
Project("{8BC9CEB8-8B4A-11D0-8D11-00A0C91BC942}") = "tstout", "tstout.vcxproj", "{43C2C514-AEF7-47D7-BF14-07C852AAC198}"
EndProject
Project("{8BC9CEB8-8B4A-11D0-8D11-00A0C91BC942}") = "tstsio", "tstsio.vcxproj", "{6E17326F-A1CE-4D46-B0EA-BE1C4F7FC148}"
EndProject
Project("{8BC9CEB8-8B4A-11D0-8D11-00A0C91BC942}") = "wrtnfo", "wrtnfo.vcxproj", "{10ACF671-36F8-42CA-9F7E-B20E95621BA8}"
EndProject
Project("{8BC9CEB8-8B4A-11D0-8D11-00A0C91BC942}") = "tstfm", "tstfm.vcxproj", "{EF12C641-F0F6-42A4-A431-A9292413A9B3}"
EndProject
Project("{8BC9CEB8-8B4A-11D0-8D11-00A0C91BC942}") = "arsc_chk", "arsc_chk.vcxproj", "{169ACF35-1995-40C0-A04B-4F51F6F6723F}"
EndProject
Project("{8BC9CEB8-8B4A-11D0-8D11-00A0C91BC942}") = "check-tests", "check-tests\check-tests.vcxproj", "{DA8A2ED9-0BE6-4E2D-A6BB-F6BF3F81F3C2}"
EndProject
Global
	GlobalSection(SolutionConfigurationPlatforms) = preSolution
		Debug|Win32 = Debug|Win32
		Debug|x64 = Debug|x64
		Release|Win32 = Release|Win32
		Release|x64 = Release|x64
	EndGlobalSection
	GlobalSection(ProjectConfigurationPlatforms) = postSolution
		{613E075D-4A14-4C79-819C-4A8F5B90A5C1}.Debug|Win32.ActiveCfg = Debug|Win32
		{613E075D-4A14-4C79-819C-4A8F5B90A5C1}.Debug|Win32.Build.0 = Debug|Win32
		{613E075D-4A14-4C79-819C-4A8F5B90A5C1}.Debug|x64.ActiveCfg = Debug|Win32
		{613E075D-4A14-4C79-819C-4A8F5B90A5C1}.Release|Win32.ActiveCfg = Debug|Win32
		{613E075D-4A14-4C79-819C-4A8F5B90A5C1}.Release|Win32.Build.0 = Release|Win32
		{613E075D-4A14-4C79-819C-4A8F5B90A5C1}.Release|x64.ActiveCfg = Debug|Win32
		{F5D1A442-9570-4565-A61D-412D3D947F78}.Debug|Win32.ActiveCfg = Debug|Win32
		{F5D1A442-9570-4565-A61D-412D3D947F78}.Debug|Win32.Build.0 = Debug|Win32
		{F5D1A442-9570-4565-A61D-412D3D947F78}.Debug|x64.ActiveCfg = Debug|Win32
		{F5D1A442-9570-4565-A61D-412D3D947F78}.Debug|x64.Build.0 = Debug|Win32
		{F5D1A442-9570-4565-A61D-412D3D947F78}.Release|Win32.ActiveCfg = Debug|Win32
		{F5D1A442-9570-4565-A61D-412D3D947F78}.Release|Win32.Build.0 = Debug|Win32
		{F5D1A442-9570-4565-A61D-412D3D947F78}.Release|x64.ActiveCfg = Release|x64
		{F5D1A442-9570-4565-A61D-412D3D947F78}.Release|x64.Build.0 = Release|x64
		{E6500B64-F4A7-4986-B8E2-6C850506870D}.Debug|Win32.ActiveCfg = Debug|Win32
		{E6500B64-F4A7-4986-B8E2-6C850506870D}.Debug|Win32.Build.0 = Debug|Win32
		{E6500B64-F4A7-4986-B8E2-6C850506870D}.Debug|x64.ActiveCfg = Debug|Win32
		{E6500B64-F4A7-4986-B8E2-6C850506870D}.Release|Win32.ActiveCfg = Debug|Win32
		{E6500B64-F4A7-4986-B8E2-6C850506870D}.Release|Win32.Build.0 = Release|Win32
		{E6500B64-F4A7-4986-B8E2-6C850506870D}.Release|x64.ActiveCfg = Debug|Win32
		{B16BE483-1881-4B26-8EE5-E7B6DFAD575C}.Debug|Win32.ActiveCfg = Release|Win32
		{B16BE483-1881-4B26-8EE5-E7B6DFAD575C}.Debug|Win32.Build.0 = Debug|Win32
		{B16BE483-1881-4B26-8EE5-E7B6DFAD575C}.Debug|x64.ActiveCfg = Release|Win32
		{B16BE483-1881-4B26-8EE5-E7B6DFAD575C}.Release|Win32.ActiveCfg = Release|Win32
		{B16BE483-1881-4B26-8EE5-E7B6DFAD575C}.Release|Win32.Build.0 = Release|Win32
		{B16BE483-1881-4B26-8EE5-E7B6DFAD575C}.Release|x64.ActiveCfg = Release|Win32
		{43C2C514-AEF7-47D7-BF14-07C852AAC198}.Debug|Win32.ActiveCfg = Release|Win32
		{43C2C514-AEF7-47D7-BF14-07C852AAC198}.Debug|Win32.Build.0 = Debug|Win32
		{43C2C514-AEF7-47D7-BF14-07C852AAC198}.Debug|x64.ActiveCfg = Release|Win32
		{43C2C514-AEF7-47D7-BF14-07C852AAC198}.Release|Win32.ActiveCfg = Release|Win32
		{43C2C514-AEF7-47D7-BF14-07C852AAC198}.Release|Win32.Build.0 = Release|Win32
		{43C2C514-AEF7-47D7-BF14-07C852AAC198}.Release|x64.ActiveCfg = Release|Win32
		{6E17326F-A1CE-4D46-B0EA-BE1C4F7FC148}.Debug|Win32.ActiveCfg = Release|Win32
		{6E17326F-A1CE-4D46-B0EA-BE1C4F7FC148}.Debug|Win32.Build.0 = Debug|Win32
		{6E17326F-A1CE-4D46-B0EA-BE1C4F7FC148}.Debug|x64.ActiveCfg = Release|Win32
		{6E17326F-A1CE-4D46-B0EA-BE1C4F7FC148}.Release|Win32.ActiveCfg = Release|Win32
		{6E17326F-A1CE-4D46-B0EA-BE1C4F7FC148}.Release|Win32.Build.0 = Release|Win32
		{6E17326F-A1CE-4D46-B0EA-BE1C4F7FC148}.Release|x64.ActiveCfg = Release|Win32
		{10ACF671-36F8-42CA-9F7E-B20E95621BA8}.Debug|Win32.ActiveCfg = Release|Win32
		{10ACF671-36F8-42CA-9F7E-B20E95621BA8}.Debug|Win32.Build.0 = Debug|Win32
		{10ACF671-36F8-42CA-9F7E-B20E95621BA8}.Debug|x64.ActiveCfg = Release|Win32
		{10ACF671-36F8-42CA-9F7E-B20E95621BA8}.Release|Win32.ActiveCfg = Release|Win32
		{10ACF671-36F8-42CA-9F7E-B20E95621BA8}.Release|Win32.Build.0 = Release|Win32
		{10ACF671-36F8-42CA-9F7E-B20E95621BA8}.Release|x64.ActiveCfg = Release|Win32
		{EF12C641-F0F6-42A4-A431-A9292413A9B3}.Debug|Win32.ActiveCfg = Release|Win32
		{EF12C641-F0F6-42A4-A431-A9292413A9B3}.Debug|Win32.Build.0 = Debug|Win32
		{EF12C641-F0F6-42A4-A431-A9292413A9B3}.Debug|x64.ActiveCfg = Release|Win32
		{EF12C641-F0F6-42A4-A431-A9292413A9B3}.Release|Win32.ActiveCfg = Release|Win32
		{EF12C641-F0F6-42A4-A431-A9292413A9B3}.Release|Win32.Build.0 = Release|Win32
		{EF12C641-F0F6-42A4-A431-A9292413A9B3}.Release|x64.ActiveCfg = Release|Win32
		{169ACF35-1995-40C0-A04B-4F51F6F6723F}.Debug|Win32.ActiveCfg = Debug|Win32
		{169ACF35-1995-40C0-A04B-4F51F6F6723F}.Debug|Win32.Build.0 = Debug|Win32
		{169ACF35-1995-40C0-A04B-4F51F6F6723F}.Debug|x64.ActiveCfg = Debug|Win32
		{169ACF35-1995-40C0-A04B-4F51F6F6723F}.Release|Win32.ActiveCfg = Debug|Win32
		{169ACF35-1995-40C0-A04B-4F51F6F6723F}.Release|Win32.Build.0 = Release|Win32
		{169ACF35-1995-40C0-A04B-4F51F6F6723F}.Release|x64.ActiveCfg = Debug|Win32
		{DA8A2ED9-0BE6-4E2D-A6BB-F6BF3F81F3C2}.Debug|Win32.ActiveCfg = Debug|Win32
		{DA8A2ED9-0BE6-4E2D-A6BB-F6BF3F81F3C2}.Debug|Win32.Build.0 = Debug|Win32
		{DA8A2ED9-0BE6-4E2D-A6BB-F6BF3F81F3C2}.Debug|x64.ActiveCfg = Debug|Win32
		{DA8A2ED9-0BE6-4E2D-A6BB-F6BF3F81F3C2}.Debug|x64.Build.0 = Debug|Win32
		{DA8A2ED9-0BE6-4E2D-A6BB-F6BF3F81F3C2}.Release|Win32.ActiveCfg = Debug|Win32
		{DA8A2ED9-0BE6-4E2D-A6BB-F6BF3F81F3C2}.Release|Win32.Build.0 = Debug|Win32
		{DA8A2ED9-0BE6-4E2D-A6BB-F6BF3F81F3C2}.Release|x64.ActiveCfg = Release|x64
		{DA8A2ED9-0BE6-4E2D-A6BB-F6BF3F81F3C2}.Release|x64.Build.0 = Release|x64
	EndGlobalSection
	GlobalSection(SolutionProperties) = preSolution
		HideSolutionNode = FALSE
	EndGlobalSection
	GlobalSection(ExtensibilityGlobals) = postSolution
		SolutionGuid = {061F9C89-1CF1-4959-AE21-F31B43BE164A}
	EndGlobalSection
EndGlobal
