<?xml version="1.0" encoding="utf-8"?>
<Project ToolsVersion="4.0" xmlns="http://schemas.microsoft.com/developer/msbuild/2003">
  <ItemGroup>
    <ClInclude Include="..\arscerr.h">
      <Filter>Header Files</Filter>
    </ClInclude>
    <ClInclude Include="..\arsclib.h">
      <Filter>Header Files</Filter>
    </ClInclude>
  </ItemGroup>
  <ItemGroup>
    <Filter Include="Source Files">
      <UniqueIdentifier>{48cc8819-3e6f-4870-bf5a-3a7c031b2b49}</UniqueIdentifier>
    </Filter>
    <Filter Include="Header Files">
      <UniqueIdentifier>{b56a8aed-21b3-4cad-9470-dac0d3c26523}</UniqueIdentifier>
    </Filter>
  </ItemGroup>
  <ItemGroup>
    <ClCompile Include="..\arsc_chk.c">
      <Filter>Source Files</Filter>
    </ClCompile>
  </ItemGroup>
</Project>