<?xml version="1.0" encoding="utf-8"?>
<Project ToolsVersion="4.0" xmlns="http://schemas.microsoft.com/developer/msbuild/2003">
  <ItemGroup>
    <Filter Include="Source Files">
      <UniqueIdentifier>{28bd0901-ef38-4ecc-8101-88fce7db2e5d}</UniqueIdentifier>
      <Extensions>cpp;c;cxx;rc;def;r;odl;idl;hpj;bat</Extensions>
    </Filter>
    <Filter Include="Header Files">
      <UniqueIdentifier>{e8acb9ee-1a25-4b6a-92ac-87a656a6f8f7}</UniqueIdentifier>
      <Extensions>h;hpp;hxx;hm;inl</Extensions>
    </Filter>
    <Filter Include="Resource Files">
      <UniqueIdentifier>{f638e884-fa62-4ab4-8d24-5cc04674e985}</UniqueIdentifier>
      <Extensions>ico;cur;bmp;dlg;rc2;rct;bin;rgs;gif;jpg;jpeg;jpe</Extensions>
    </Filter>
  </ItemGroup>
  <ItemGroup>
    <ClCompile Include="..\sio_arsc.c">
      <Filter>Source Files</Filter>
    </ClCompile>
    <ClCompile Include="..\siodll.c">
      <Filter>Source Files</Filter>
    </ClCompile>
    <ClCompile Include="..\arsc_asio\asiolist.cpp">
      <Filter>Source Files</Filter>
    </ClCompile>
    <ClCompile Include="..\arsc_api.c">
      <Filter>Source Files</Filter>
    </ClCompile>
    <ClCompile Include="..\arsc_asio\arsc_asio.c">
      <Filter>Source Files</Filter>
    </ClCompile>
    <ClCompile Include="..\arsc_asio\arsc_asio_wrappers.cpp">
      <Filter>Source Files</Filter>
    </ClCompile>
    <ClCompile Include="..\arsc_helper.c">
      <Filter>Source Files</Filter>
    </ClCompile>
    <ClCompile Include="..\arsc_win.c">
      <Filter>Source Files</Filter>
    </ClCompile>
    <ClCompile Include="..\arsc_xfer.c">
      <Filter>Source Files</Filter>
    </ClCompile>
    <ClCompile Include="..\arsc_asio\asio.cpp">
      <Filter>Source Files</Filter>
    </ClCompile>
    <ClCompile Include="..\arsc_asio\asiodrivers.cpp">
      <Filter>Source Files</Filter>
    </ClCompile>
  </ItemGroup>
  <ItemGroup>
    <ClInclude Include="..\sio.h">
      <Filter>Header Files</Filter>
    </ClInclude>
    <ClInclude Include="..\siodll.h">
      <Filter>Header Files</Filter>
    </ClInclude>
  </ItemGroup>
  <ItemGroup>
    <None Include="..\sio.def">
      <Filter>Resource Files</Filter>
    </None>
  </ItemGroup>
</Project>